// !$*UTF8*$!
{
	archiveVersion = 1;
	classes = {
	};
	objectVersion = 52;
	objects = {

/* Begin PBXBuildFile section */
		8F1454A926675A1A00AD5FF2 /* RepresentableComponents in Frameworks */ = {isa = PBXBuildFile; productRef = 8F1454A826675A1A00AD5FF2 /* RepresentableComponents */; };
		8F1454AB266897AA00AD5FF2 /* CoreMLApp.swift in Sources */ = {isa = PBXBuildFile; fileRef = 8F1454AA266897AA00AD5FF2 /* CoreMLApp.swift */; };
		FAC85E0726090B670039EBF3 /* ContentView.swift in Sources */ = {isa = PBXBuildFile; fileRef = FAC85E0626090B670039EBF3 /* ContentView.swift */; };
		FAC85E0926090B670039EBF3 /* Assets.xcassets in Resources */ = {isa = PBXBuildFile; fileRef = FAC85E0826090B670039EBF3 /* Assets.xcassets */; };
		FAC85E0C26090B670039EBF3 /* Preview Assets.xcassets in Resources */ = {isa = PBXBuildFile; fileRef = FAC85E0B26090B670039EBF3 /* Preview Assets.xcassets */; };
		FAC85E1526090B790039EBF3 /* PearOrApple 1.mlmodel in Sources */ = {isa = PBXBuildFile; fileRef = FAC85E1426090B780039EBF3 /* PearOrApple 1.mlmodel */; };
		FAE8CDC226090EA400AAA145 /* YOLOv3Int8LUT.mlmodel in Sources */ = {isa = PBXBuildFile; fileRef = FAE8CDC126090EA400AAA145 /* YOLOv3Int8LUT.mlmodel */; };
		FAE8CDC726090FA300AAA145 /* DeepLabV3Int8LUT.mlmodel in Sources */ = {isa = PBXBuildFile; fileRef = FAE8CDC426090FA300AAA145 /* DeepLabV3Int8LUT.mlmodel */; };
		FAE8CDC826090FA300AAA145 /* MobileNetV2Int8LUT.mlmodel in Sources */ = {isa = PBXBuildFile; fileRef = FAE8CDC526090FA300AAA145 /* MobileNetV2Int8LUT.mlmodel */; };
		FAE8CDC926090FA300AAA145 /* SqueezeNetInt8LUT.mlmodel in Sources */ = {isa = PBXBuildFile; fileRef = FAE8CDC626090FA300AAA145 /* SqueezeNetInt8LUT.mlmodel */; };
		FAE8CDCF2609166600AAA145 /* VisionDetectionView.swift in Sources */ = {isa = PBXBuildFile; fileRef = FAE8CDCE2609166600AAA145 /* VisionDetectionView.swift */; };
		FAE8CDD326091C7500AAA145 /* poseestimation.mlmodel in Sources */ = {isa = PBXBuildFile; fileRef = FAE8CDD226091C7500AAA145 /* poseestimation.mlmodel */; };
		FAE8CDD626091CF800AAA145 /* places.mlmodel in Sources */ = {isa = PBXBuildFile; fileRef = FAE8CDD526091CF800AAA145 /* places.mlmodel */; };
/* End PBXBuildFile section */

/* Begin PBXFileReference section */
		8F1454A7266759F300AD5FF2 /* RepresentableComponents */ = {isa = PBXFileReference; lastKnownFileType = folder; path = RepresentableComponents; sourceTree = "<group>"; };
		8F1454AA266897AA00AD5FF2 /* CoreMLApp.swift */ = {isa = PBXFileReference; fileEncoding = 4; lastKnownFileType = sourcecode.swift; path = CoreMLApp.swift; sourceTree = "<group>"; };
		FAC85E0126090B670039EBF3 /* CoreMLApp.app */ = {isa = PBXFileReference; explicitFileType = wrapper.application; includeInIndex = 0; path = CoreMLApp.app; sourceTree = BUILT_PRODUCTS_DIR; };
		FAC85E0626090B670039EBF3 /* ContentView.swift */ = {isa = PBXFileReference; lastKnownFileType = sourcecode.swift; path = ContentView.swift; sourceTree = "<group>"; };
		FAC85E0826090B670039EBF3 /* Assets.xcassets */ = {isa = PBXFileReference; lastKnownFileType = folder.assetcatalog; path = Assets.xcassets; sourceTree = "<group>"; };
		FAC85E0B26090B670039EBF3 /* Preview Assets.xcassets */ = {isa = PBXFileReference; lastKnownFileType = folder.assetcatalog; path = "Preview Assets.xcassets"; sourceTree = "<group>"; };
		FAC85E0D26090B670039EBF3 /* Info.plist */ = {isa = PBXFileReference; lastKnownFileType = text.plist.xml; path = Info.plist; sourceTree = "<group>"; };
		FAC85E1426090B780039EBF3 /* PearOrApple 1.mlmodel */ = {isa = PBXFileReference; lastKnownFileType = file.mlmodel; path = "PearOrApple 1.mlmodel"; sourceTree = "<group>"; };
		FAE8CDC126090EA400AAA145 /* YOLOv3Int8LUT.mlmodel */ = {isa = PBXFileReference; lastKnownFileType = file.mlmodel; path = YOLOv3Int8LUT.mlmodel; sourceTree = "<group>"; };
		FAE8CDC426090FA300AAA145 /* DeepLabV3Int8LUT.mlmodel */ = {isa = PBXFileReference; lastKnownFileType = file.mlmodel; path = DeepLabV3Int8LUT.mlmodel; sourceTree = "<group>"; };
		FAE8CDC526090FA300AAA145 /* MobileNetV2Int8LUT.mlmodel */ = {isa = PBXFileReference; lastKnownFileType = file.mlmodel; path = MobileNetV2Int8LUT.mlmodel; sourceTree = "<group>"; };
		FAE8CDC626090FA300AAA145 /* SqueezeNetInt8LUT.mlmodel */ = {isa = PBXFileReference; lastKnownFileType = file.mlmodel; path = SqueezeNetInt8LUT.mlmodel; sourceTree = "<group>"; };
		FAE8CDCE2609166600AAA145 /* VisionDetectionView.swift */ = {isa = PBXFileReference; lastKnownFileType = sourcecode.swift; path = VisionDetectionView.swift; sourceTree = "<group>"; };
		FAE8CDD226091C7500AAA145 /* poseestimation.mlmodel */ = {isa = PBXFileReference; lastKnownFileType = file.mlmodel; path = poseestimation.mlmodel; sourceTree = "<group>"; };
		FAE8CDD526091CF800AAA145 /* places.mlmodel */ = {isa = PBXFileReference; lastKnownFileType = file.mlmodel; path = places.mlmodel; sourceTree = "<group>"; };
/* End PBXFileReference section */

/* Begin PBXFrameworksBuildPhase section */
		FAC85DFE26090B670039EBF3 /* Frameworks */ = {
			isa = PBXFrameworksBuildPhase;
			buildActionMask = 2147483647;
			files = (
				8F1454A926675A1A00AD5FF2 /* RepresentableComponents in Frameworks */,
			);
			runOnlyForDeploymentPostprocessing = 0;
		};
/* End PBXFrameworksBuildPhase section */

/* Begin PBXGroup section */
		8F4F0557266741BA003ECAA6 /* Frameworks */ = {
			isa = PBXGroup;
			children = (
			);
			name = Frameworks;
			sourceTree = "<group>";
		};
		FAC85DF826090B670039EBF3 = {
			isa = PBXGroup;
			children = (
				8F1454A7266759F300AD5FF2 /* RepresentableComponents */,
				FAC85E0326090B670039EBF3 /* CoreMLApp */,
				FAC85E0226090B670039EBF3 /* Products */,
				8F4F0557266741BA003ECAA6 /* Frameworks */,
			);
			sourceTree = "<group>";
		};
		FAC85E0226090B670039EBF3 /* Products */ = {
			isa = PBXGroup;
			children = (
				FAC85E0126090B670039EBF3 /* CoreMLApp.app */,
			);
			name = Products;
			sourceTree = "<group>";
		};
		FAC85E0326090B670039EBF3 /* CoreMLApp */ = {
			isa = PBXGroup;
			children = (
				8F1454AA266897AA00AD5FF2 /* CoreMLApp.swift */,
				FAC85E0626090B670039EBF3 /* ContentView.swift */,
				FAE8CDCE2609166600AAA145 /* VisionDetectionView.swift */,
				FAC85E0826090B670039EBF3 /* Assets.xcassets */,
				FAC85E1426090B780039EBF3 /* PearOrApple 1.mlmodel */,
				FAE8CDC126090EA400AAA145 /* YOLOv3Int8LUT.mlmodel */,
				FAE8CDC426090FA300AAA145 /* DeepLabV3Int8LUT.mlmodel */,
				FAE8CDC526090FA300AAA145 /* MobileNetV2Int8LUT.mlmodel */,
				FAE8CDC626090FA300AAA145 /* SqueezeNetInt8LUT.mlmodel */,
				FAE8CDD226091C7500AAA145 /* poseestimation.mlmodel */,
				FAE8CDD526091CF800AAA145 /* places.mlmodel */,
				FAC85E0D26090B670039EBF3 /* Info.plist */,
				FAC85E0A26090B670039EBF3 /* Preview Content */,
			);
			path = CoreMLApp;
			sourceTree = "<group>";
		};
		FAC85E0A26090B670039EBF3 /* Preview Content */ = {
			isa = PBXGroup;
			children = (
				FAC85E0B26090B670039EBF3 /* Preview Assets.xcassets */,
			);
			path = "Preview Content";
			sourceTree = "<group>";
		};
/* End PBXGroup section */

/* Begin PBXNativeTarget section */
		FAC85E0026090B670039EBF3 /* CoreMLApp */ = {
			isa = PBXNativeTarget;
			buildConfigurationList = FAC85E1026090B670039EBF3 /* Build configuration list for PBXNativeTarget "CoreMLApp" */;
			buildPhases = (
				FAC85DFD26090B670039EBF3 /* Sources */,
				FAC85DFE26090B670039EBF3 /* Frameworks */,
				FAC85DFF26090B670039EBF3 /* Resources */,
			);
			buildRules = (
			);
			dependencies = (
			);
			name = CoreMLApp;
			packageProductDependencies = (
				8F1454A826675A1A00AD5FF2 /* RepresentableComponents */,
			);
			productName = CoreMLApp;
			productReference = FAC85E0126090B670039EBF3 /* CoreMLApp.app */;
			productType = "com.apple.product-type.application";
		};
/* End PBXNativeTarget section */

/* Begin PBXProject section */
		FAC85DF926090B670039EBF3 /* Project object */ = {
			isa = PBXProject;
			attributes = {
				LastSwiftUpdateCheck = 1240;
				LastUpgradeCheck = 1240;
				TargetAttributes = {
					FAC85E0026090B670039EBF3 = {
						CreatedOnToolsVersion = 12.4;
					};
				};
			};
			buildConfigurationList = FAC85DFC26090B670039EBF3 /* Build configuration list for PBXProject "CoreMLApp" */;
			compatibilityVersion = "Xcode 9.3";
			developmentRegion = en;
			hasScannedForEncodings = 0;
			knownRegions = (
				en,
				Base,
			);
			mainGroup = FAC85DF826090B670039EBF3;
			productRefGroup = FAC85E0226090B670039EBF3 /* Products */;
			projectDirPath = "";
			projectRoot = "";
			targets = (
				FAC85E0026090B670039EBF3 /* CoreMLApp */,
			);
		};
/* End PBXProject section */

/* Begin PBXResourcesBuildPhase section */
		FAC85DFF26090B670039EBF3 /* Resources */ = {
			isa = PBXResourcesBuildPhase;
			buildActionMask = 2147483647;
			files = (
				FAC85E0C26090B670039EBF3 /* Preview Assets.xcassets in Resources */,
				FAC85E0926090B670039EBF3 /* Assets.xcassets in Resources */,
			);
			runOnlyForDeploymentPostprocessing = 0;
		};
/* End PBXResourcesBuildPhase section */

/* Begin PBXSourcesBuildPhase section */
		FAC85DFD26090B670039EBF3 /* Sources */ = {
			isa = PBXSourcesBuildPhase;
			buildActionMask = 2147483647;
			files = (
				FAE8CDD626091CF800AAA145 /* places.mlmodel in Sources */,
				FAE8CDC926090FA300AAA145 /* SqueezeNetInt8LUT.mlmodel in Sources */,
				FAE8CDD326091C7500AAA145 /* poseestimation.mlmodel in Sources */,
				8F1454AB266897AA00AD5FF2 /* CoreMLApp.swift in Sources */,
				FAE8CDC726090FA300AAA145 /* DeepLabV3Int8LUT.mlmodel in Sources */,
				FAE8CDC826090FA300AAA145 /* MobileNetV2Int8LUT.mlmodel in Sources */,
				FAC85E0726090B670039EBF3 /* ContentView.swift in Sources */,
				FAE8CDC226090EA400AAA145 /* YOLOv3Int8LUT.mlmodel in Sources */,
				FAC85E1526090B790039EBF3 /* PearOrApple 1.mlmodel in Sources */,
				FAE8CDCF2609166600AAA145 /* VisionDetectionView.swift in Sources */,
			);
			runOnlyForDeploymentPostprocessing = 0;
		};
/* End PBXSourcesBuildPhase section */

/* Begin XCBuildConfiguration section */
		FAC85E0E26090B670039EBF3 /* Debug */ = {
			isa = XCBuildConfiguration;
			buildSettings = {
				ALWAYS_SEARCH_USER_PATHS = NO;
				CLANG_ANALYZER_NONNULL = YES;
				CLANG_ANALYZER_NUMBER_OBJECT_CONVERSION = YES_AGGRESSIVE;
				CLANG_CXX_LANGUAGE_STANDARD = "gnu++14";
				CLANG_CXX_LIBRARY = "libc++";
				CLANG_ENABLE_MODULES = YES;
				CLANG_ENABLE_OBJC_ARC = YES;
				CLANG_ENABLE_OBJC_WEAK = YES;
				CLANG_WARN_BLOCK_CAPTURE_AUTORELEASING = YES;
				CLANG_WARN_BOOL_CONVERSION = YES;
				CLANG_WARN_COMMA = YES;
				CLANG_WARN_CONSTANT_CONVERSION = YES;
				CLANG_WARN_DEPRECATED_OBJC_IMPLEMENTATIONS = YES;
				CLANG_WARN_DIRECT_OBJC_ISA_USAGE = YES_ERROR;
				CLANG_WARN_DOCUMENTATION_COMMENTS = YES;
				CLANG_WARN_EMPTY_BODY = YES;
				CLANG_WARN_ENUM_CONVERSION = YES;
				CLANG_WARN_INFINITE_RECURSION = YES;
				CLANG_WARN_INT_CONVERSION = YES;
				CLANG_WARN_NON_LITERAL_NULL_CONVERSION = YES;
				CLANG_WARN_OBJC_IMPLICIT_RETAIN_SELF = YES;
				CLANG_WARN_OBJC_LITERAL_CONVERSION = YES;
				CLANG_WARN_OBJC_ROOT_CLASS = YES_ERROR;
				CLANG_WARN_QUOTED_INCLUDE_IN_FRAMEWORK_HEADER = YES;
				CLANG_WARN_RANGE_LOOP_ANALYSIS = YES;
				CLANG_WARN_STRICT_PROTOTYPES = YES;
				CLANG_WARN_SUSPICIOUS_MOVE = YES;
				CLANG_WARN_UNGUARDED_AVAILABILITY = YES_AGGRESSIVE;
				CLANG_WARN_UNREACHABLE_CODE = YES;
				CLANG_WARN__DUPLICATE_METHOD_MATCH = YES;
				COPY_PHASE_STRIP = NO;
				DEBUG_INFORMATION_FORMAT = dwarf;
				ENABLE_STRICT_OBJC_MSGSEND = YES;
				ENABLE_TESTABILITY = YES;
				GCC_C_LANGUAGE_STANDARD = gnu11;
				GCC_DYNAMIC_NO_PIC = NO;
				GCC_NO_COMMON_BLOCKS = YES;
				GCC_OPTIMIZATION_LEVEL = 0;
				GCC_PREPROCESSOR_DEFINITIONS = (
					"DEBUG=1",
					"$(inherited)",
				);
				GCC_WARN_64_TO_32_BIT_CONVERSION = YES;
				GCC_WARN_ABOUT_RETURN_TYPE = YES_ERROR;
				GCC_WARN_UNDECLARED_SELECTOR = YES;
				GCC_WARN_UNINITIALIZED_AUTOS = YES_AGGRESSIVE;
				GCC_WARN_UNUSED_FUNCTION = YES;
				GCC_WARN_UNUSED_VARIABLE = YES;
				IPHONEOS_DEPLOYMENT_TARGET = 14.4;
				MTL_ENABLE_DEBUG_INFO = INCLUDE_SOURCE;
				MTL_FAST_MATH = YES;
				ONLY_ACTIVE_ARCH = YES;
				SDKROOT = iphoneos;
				SWIFT_ACTIVE_COMPILATION_CONDITIONS = DEBUG;
				SWIFT_OPTIMIZATION_LEVEL = "-Onone";
			};
			name = Debug;
		};
		FAC85E0F26090B670039EBF3 /* Release */ = {
			isa = XCBuildConfiguration;
			buildSettings = {
				ALWAYS_SEARCH_USER_PATHS = NO;
				CLANG_ANALYZER_NONNULL = YES;
				CLANG_ANALYZER_NUMBER_OBJECT_CONVERSION = YES_AGGRESSIVE;
				CLANG_CXX_LANGUAGE_STANDARD = "gnu++14";
				CLANG_CXX_LIBRARY = "libc++";
				CLANG_ENABLE_MODULES = YES;
				CLANG_ENABLE_OBJC_ARC = YES;
				CLANG_ENABLE_OBJC_WEAK = YES;
				CLANG_WARN_BLOCK_CAPTURE_AUTORELEASING = YES;
				CLANG_WARN_BOOL_CONVERSION = YES;
				CLANG_WARN_COMMA = YES;
				CLANG_WARN_CONSTANT_CONVERSION = YES;
				CLANG_WARN_DEPRECATED_OBJC_IMPLEMENTATIONS = YES;
				CLANG_WARN_DIRECT_OBJC_ISA_USAGE = YES_ERROR;
				CLANG_WARN_DOCUMENTATION_COMMENTS = YES;
				CLANG_WARN_EMPTY_BODY = YES;
				CLANG_WARN_ENUM_CONVERSION = YES;
				CLANG_WARN_INFINITE_RECURSION = YES;
				CLANG_WARN_INT_CONVERSION = YES;
				CLANG_WARN_NON_LITERAL_NULL_CONVERSION = YES;
				CLANG_WARN_OBJC_IMPLICIT_RETAIN_SELF = YES;
				CLANG_WARN_OBJC_LITERAL_CONVERSION = YES;
				CLANG_WARN_OBJC_ROOT_CLASS = YES_ERROR;
				CLANG_WARN_QUOTED_INCLUDE_IN_FRAMEWORK_HEADER = YES;
				CLANG_WARN_RANGE_LOOP_ANALYSIS = YES;
				CLANG_WARN_STRICT_PROTOTYPES = YES;
				CLANG_WARN_SUSPICIOUS_MOVE = YES;
				CLANG_WARN_UNGUARDED_AVAILABILITY = YES_AGGRESSIVE;
				CLANG_WARN_UNREACHABLE_CODE = YES;
				CLANG_WARN__DUPLICATE_METHOD_MATCH = YES;
				COPY_PHASE_STRIP = NO;
				DEBUG_INFORMATION_FORMAT = "dwarf-with-dsym";
				ENABLE_NS_ASSERTIONS = NO;
				ENABLE_STRICT_OBJC_MSGSEND = YES;
				GCC_C_LANGUAGE_STANDARD = gnu11;
				GCC_NO_COMMON_BLOCKS = YES;
				GCC_WARN_64_TO_32_BIT_CONVERSION = YES;
				GCC_WARN_ABOUT_RETURN_TYPE = YES_ERROR;
				GCC_WARN_UNDECLARED_SELECTOR = YES;
				GCC_WARN_UNINITIALIZED_AUTOS = YES_AGGRESSIVE;
				GCC_WARN_UNUSED_FUNCTION = YES;
				GCC_WARN_UNUSED_VARIABLE = YES;
				IPHONEOS_DEPLOYMENT_TARGET = 14.4;
				MTL_ENABLE_DEBUG_INFO = NO;
				MTL_FAST_MATH = YES;
				SDKROOT = iphoneos;
				SWIFT_COMPILATION_MODE = wholemodule;
				SWIFT_OPTIMIZATION_LEVEL = "-O";
				VALIDATE_PRODUCT = YES;
			};
			name = Release;
		};
		FAC85E1126090B670039EBF3 /* Debug */ = {
			isa = XCBuildConfiguration;
			buildSettings = {
				ASSETCATALOG_COMPILER_APPICON_NAME = AppIcon;
				ASSETCATALOG_COMPILER_GLOBAL_ACCENT_COLOR_NAME = AccentColor;
				CODE_SIGN_STYLE = Automatic;
				DEVELOPMENT_ASSET_PATHS = "\"CoreMLApp/Preview Content\"";
				DEVELOPMENT_TEAM = J4GES9GRUE;
				ENABLE_PREVIEWS = YES;
				INFOPLIST_FILE = CoreMLApp/Info.plist;
				IPHONEOS_DEPLOYMENT_TARGET = 14.0;
				LD_RUNPATH_SEARCH_PATHS = (
					"$(inherited)",
					"@executable_path/Frameworks",
				);
				PRODUCT_BUNDLE_IDENTIFIER = exey.CoreMLApp;
				PRODUCT_NAME = "$(TARGET_NAME)";
				SWIFT_VERSION = 5.0;
				TARGETED_DEVICE_FAMILY = "1,2";
			};
			name = Debug;
		};
		FAC85E1226090B670039EBF3 /* Release */ = {
			isa = XCBuildConfiguration;
			buildSettings = {
				ASSETCATALOG_COMPILER_APPICON_NAME = AppIcon;
				ASSETCATALOG_COMPILER_GLOBAL_ACCENT_COLOR_NAME = AccentColor;
				CODE_SIGN_STYLE = Automatic;
				DEVELOPMENT_ASSET_PATHS = "\"CoreMLApp/Preview Content\"";
				DEVELOPMENT_TEAM = J4GES9GRUE;
				ENABLE_PREVIEWS = YES;
				INFOPLIST_FILE = CoreMLApp/Info.plist;
				IPHONEOS_DEPLOYMENT_TARGET = 14.0;
				LD_RUNPATH_SEARCH_PATHS = (
					"$(inherited)",
					"@executable_path/Frameworks",
				);
				PRODUCT_BUNDLE_IDENTIFIER = exey.CoreMLApp;
				PRODUCT_NAME = "$(TARGET_NAME)";
				SWIFT_VERSION = 5.0;
				TARGETED_DEVICE_FAMILY = "1,2";
			};
			name = Release;
		};
/* End XCBuildConfiguration section */

/* Begin XCConfigurationList section */
		FAC85DFC26090B670039EBF3 /* Build configuration list for PBXProject "CoreMLApp" */ = {
			isa = XCConfigurationList;
			buildConfigurations = (
				FAC85E0E26090B670039EBF3 /* Debug */,
				FAC85E0F26090B670039EBF3 /* Release */,
			);
			defaultConfigurationIsVisible = 0;
			defaultConfigurationName = Release;
		};
		FAC85E1026090B670039EBF3 /* Build configuration list for PBXNativeTarget "CoreMLApp" */ = {
			isa = XCConfigurationList;
			buildConfigurations = (
				FAC85E1126090B670039EBF3 /* Debug */,
				FAC85E1226090B670039EBF3 /* Release */,
			);
			defaultConfigurationIsVisible = 0;
			defaultConfigurationName = Release;
		};
/* End XCConfigurationList section */

/* Begin XCSwiftPackageProductDependency section */
		8F1454A826675A1A00AD5FF2 /* RepresentableComponents */ = {
			isa = XCSwiftPackageProductDependency;
			productName = RepresentableComponents;
		};
/* End XCSwiftPackageProductDependency section */
	};
	rootObject = FAC85DF926090B670039EBF3 /* Project object */;
}
